
Microsoft Visual Studio Solution File, Format Version 12.00
# Visual Studio 2013
VisualStudioVersion = 12.0.31101.0
MinimumVisualStudioVersion = 10.0.40219.1
Project("{8BC9CEB8-8B4A-11D0-8D11-00A0C91BC942}") = "IFCConverter", "IFCConverter\IFCConverter.vcxproj", "{81263257-E904-4140-8500-176B22165AEE}"
	ProjectSection(ProjectDependencies) = postProject
		{DBB3F7C6-9A55-4583-887E-1BE3393E97A5} = {DBB3F7C6-9A55-4583-887E-1BE3393E97A5}
		{4E3EACED-EA1A-40BF-B441-2374A2C5D130} = {4E3EACED-EA1A-40BF-B441-2374A2C5D130}
	EndProjectSection
EndProject
Project("{8BC9CEB8-8B4A-11D0-8D11-00A0C91BC942}") = "Ifcparse", "Ifcparse\Ifcparse.vcxproj", "{4E3EACED-EA1A-40BF-B441-2374A2C5D130}"
EndProject
Project("{8BC9CEB8-8B4A-11D0-8D11-00A0C91BC942}") = "Ifcgeom", "Ifcgeom\Ifcgeom.vcxproj", "{DBB3F7C6-9A55-4583-887E-1BE3393E97A5}"
	ProjectSection(ProjectDependencies) = postProject
		{4E3EACED-EA1A-40BF-B441-2374A2C5D130} = {4E3EACED-EA1A-40BF-B441-2374A2C5D130}
	EndProjectSection
EndProject
Global
	GlobalSection(SolutionConfigurationPlatforms) = preSolution
		Debug|Win32 = Debug|Win32
		Release|Win32 = Release|Win32
	EndGlobalSection
	GlobalSection(ProjectConfigurationPlatforms) = postSolution
		{81263257-E904-4140-8500-176B22165AEE}.Debug|Win32.ActiveCfg = Debug|Win32
		{81263257-E904-4140-8500-176B22165AEE}.Debug|Win32.Build.0 = Debug|Win32
		{81263257-E904-4140-8500-176B22165AEE}.Release|Win32.ActiveCfg = Release|Win32
		{81263257-E904-4140-8500-176B22165AEE}.Release|Win32.Build.0 = Release|Win32
		{4E3EACED-EA1A-40BF-B441-2374A2C5D130}.Debug|Win32.ActiveCfg = Debug|Win32
		{4E3EACED-EA1A-40BF-B441-2374A2C5D130}.Debug|Win32.Build.0 = Debug|Win32
		{4E3EACED-EA1A-40BF-B441-2374A2C5D130}.Release|Win32.ActiveCfg = Release|Win32
		{4E3EACED-EA1A-40BF-B441-2374A2C5D130}.Release|Win32.Build.0 = Release|Win32
		{DBB3F7C6-9A55-4583-887E-1BE3393E97A5}.Debug|Win32.ActiveCfg = Debug|Win32
		{DBB3F7C6-9A55-4583-887E-1BE3393E97A5}.Debug|Win32.Build.0 = Debug|Win32
		{DBB3F7C6-9A55-4583-887E-1BE3393E97A5}.Release|Win32.ActiveCfg = Release|Win32
		{DBB3F7C6-9A55-4583-887E-1BE3393E97A5}.Release|Win32.Build.0 = Release|Win32
	EndGlobalSection
	GlobalSection(SolutionProperties) = preSolution
		HideSolutionNode = FALSE
	EndGlobalSection
EndGlobal
